
Microsoft Visual Studio Solution File, Format Version 12.00
# Visual Studio Version 17
VisualStudioVersion = 17.3.32901.215
MinimumVisualStudioVersion = 10.0.40219.1
Project("{FAE04EC0-301F-11D3-BF4B-00C04F79EFBC}") = "RentalAvenue", "RentalAvenue\RentalAvenue.csproj", "{3A29614D-6578-4278-AD21-50625218DC63}"
EndProject
Global
	GlobalSection(SolutionConfigurationPlatforms) = preSolution
		Debug|Any CPU = Debug|Any CPU
		Release|Any CPU = Release|Any CPU
	EndGlobalSection
	GlobalSection(ProjectConfigurationPlatforms) = postSolution
		{3A29614D-6578-4278-AD21-50625218DC63}.Debug|Any CPU.ActiveCfg = Debug|Any CPU
		{3A29614D-6578-4278-AD21-50625218DC63}.Debug|Any CPU.Build.0 = Debug|Any CPU
		{3A29614D-6578-4278-AD21-50625218DC63}.Release|Any CPU.ActiveCfg = Release|Any CPU
		{3A29614D-6578-4278-AD21-50625218DC63}.Release|Any CPU.Build.0 = Release|Any CPU
	EndGlobalSection
	GlobalSection(SolutionProperties) = preSolution
		HideSolutionNode = FALSE
	EndGlobalSection
	GlobalSection(ExtensibilityGlobals) = postSolution
		SolutionGuid = {D20FEB1B-C9CA-4A13-A86E-327FECEE868C}
	EndGlobalSection
EndGlobal
